# This file is automatically @generated by Cargo.
# It is not intended for manual editing.
version = 3

[[package]]
name = "aho-corasick"
version = "1.1.2"
source = "registry+https://github.com/rust-lang/crates.io-index"
checksum = "b2969dcb958b36655471fc61f7e416fa76033bdd4bfed0678d8fee1e2d07a1f0"
dependencies = [
 "memchr",
]

[[package]]
name = "cc"
version = "1.0.106"
source = "registry+https://github.com/rust-lang/crates.io-index"
checksum = "066fce287b1d4eafef758e89e09d724a24808a9196fe9756b8ca90e86d0719a2"

[[package]]
name = "cfg-if"
version = "1.0.0"
source = "registry+https://github.com/rust-lang/crates.io-index"
checksum = "baf1de4339761588bc0619e3cbc0120ee582ebb74b53b4efbf79117bd2da40fd"

[[package]]
name = "ex_tree_sitter"
version = "0.1.0"
dependencies = [
 "cc",
 "rustler",
 "thiserror",
 "tree-sitter 0.22.6",
 "tree-sitter-css",
 "tree-sitter-elixir",
 "tree-sitter-embedded-template",
 "tree-sitter-erlang",
 "tree-sitter-gleam",
 "tree-sitter-html",
 "tree-sitter-javascript",
 "tree-sitter-json",
 "tree-sitter-sql",
 "tree-sitter-typescript",
]

[[package]]
name = "heck"
version = "0.5.0"
source = "registry+https://github.com/rust-lang/crates.io-index"
checksum = "2304e00983f87ffb38b55b444b5e3b60a884b5d30c0fca7d82fe33449bbe55ea"

[[package]]
name = "inventory"
version = "0.3.15"
source = "registry+https://github.com/rust-lang/crates.io-index"
checksum = "f958d3d68f4167080a18141e10381e7634563984a537f2a49a30fd8e53ac5767"

[[package]]
name = "libloading"
version = "0.8.5"
source = "registry+https://github.com/rust-lang/crates.io-index"
checksum = "4979f22fdb869068da03c9f7528f8297c6fd2606bc3a4affe42e6a823fdb8da4"
dependencies = [
 "cfg-if",
 "windows-targets",
]

[[package]]
name = "memchr"
version = "2.6.4"
source = "registry+https://github.com/rust-lang/crates.io-index"
checksum = "f665ee40bc4a3c5590afb1e9677db74a508659dfd71e126420da8274909a0167"

[[package]]
name = "proc-macro2"
version = "1.0.69"
source = "registry+https://github.com/rust-lang/crates.io-index"
checksum = "134c189feb4956b20f6f547d2cf727d4c0fe06722b20a0eec87ed445a97f92da"
dependencies = [
 "unicode-ident",
]

[[package]]
name = "quote"
version = "1.0.33"
source = "registry+https://github.com/rust-lang/crates.io-index"
checksum = "5267fca4496028628a95160fc423a33e8b2e6af8a5302579e322e4b520293cae"
dependencies = [
 "proc-macro2",
]

[[package]]
name = "regex"
version = "1.11.0"
source = "registry+https://github.com/rust-lang/crates.io-index"
checksum = "38200e5ee88914975b69f657f0801b6f6dccafd44fd9326302a4aaeecfacb1d8"
dependencies = [
 "aho-corasick",
 "memchr",
 "regex-automata",
 "regex-syntax",
]

[[package]]
name = "regex-automata"
version = "0.4.8"
source = "registry+https://github.com/rust-lang/crates.io-index"
checksum = "368758f23274712b504848e9d5a6f010445cc8b87a7cdb4d7cbee666c1288da3"
dependencies = [
 "aho-corasick",
 "memchr",
 "regex-syntax",
]

[[package]]
name = "regex-lite"
version = "0.1.6"
source = "registry+https://github.com/rust-lang/crates.io-index"
checksum = "53a49587ad06b26609c52e423de037e7f57f20d53535d66e08c695f347df952a"

[[package]]
name = "regex-syntax"
version = "0.8.5"
source = "registry+https://github.com/rust-lang/crates.io-index"
checksum = "2b15c43186be67a4fd63bee50d0303afffcef381492ebe2c5d87f324e1b8815c"

[[package]]
name = "rustler"
version = "0.35.0"
source = "registry+https://github.com/rust-lang/crates.io-index"
checksum = "b705f2c3643cc170d8888cb6bad589155d9c0248f3104ef7a04c2b7ffbaf13fc"
dependencies = [
 "inventory",
 "libloading",
 "regex-lite",
 "rustler_codegen",
]

[[package]]
name = "rustler_codegen"
version = "0.35.0"
source = "registry+https://github.com/rust-lang/crates.io-index"
checksum = "3ad56caff00562948bd6ac33c18dbc579e5a1bbee2d7f2f54073307e57f6b57a"
dependencies = [
 "heck",
 "inventory",
 "proc-macro2",
 "quote",
 "syn",
]

[[package]]
name = "syn"
version = "2.0.38"
source = "registry+https://github.com/rust-lang/crates.io-index"
checksum = "e96b79aaa137db8f61e26363a0c9b47d8b4ec75da28b7d1d614c2303e232408b"
dependencies = [
 "proc-macro2",
 "quote",
 "unicode-ident",
]

[[package]]
name = "thiserror"
version = "1.0.50"
source = "registry+https://github.com/rust-lang/crates.io-index"
checksum = "f9a7210f5c9a7156bb50aa36aed4c95afb51df0df00713949448cf9e97d382d2"
dependencies = [
 "thiserror-impl",
]

[[package]]
name = "thiserror-impl"
version = "1.0.50"
source = "registry+https://github.com/rust-lang/crates.io-index"
checksum = "266b2e40bc00e5a6c09c3584011e08b06f123c00362c92b975ba9843aaaa14b8"
dependencies = [
 "proc-macro2",
 "quote",
 "syn",
]

[[package]]
name = "tree-sitter"
version = "0.19.5"
source = "registry+https://github.com/rust-lang/crates.io-index"
checksum = "ad726ec26496bf4c083fff0f43d4eb3a2ad1bba305323af5ff91383c0b6ecac0"
dependencies = [
 "cc",
 "regex",
]

[[package]]
name = "tree-sitter"
version = "0.20.10"
source = "registry+https://github.com/rust-lang/crates.io-index"
checksum = "e747b1f9b7b931ed39a548c1fae149101497de3c1fc8d9e18c62c1a66c683d3d"
dependencies = [
 "cc",
 "regex",
]

[[package]]
name = "tree-sitter"
version = "0.22.6"
source = "registry+https://github.com/rust-lang/crates.io-index"
checksum = "df7cc499ceadd4dcdf7ec6d4cbc34ece92c3fa07821e287aedecd4416c516dca"
dependencies = [
 "cc",
 "regex",
]

[[package]]
name = "tree-sitter-css"
version = "0.21.1"
source = "registry+https://github.com/rust-lang/crates.io-index"
checksum = "5e08e324b1cf60fd3291774b49724c66de2ce8fcf4d358d0b4b82e37b41b1c9b"
dependencies = [
 "cc",
 "tree-sitter 0.22.6",
]

[[package]]
name = "tree-sitter-elixir"
version = "0.2.0"
source = "registry+https://github.com/rust-lang/crates.io-index"
checksum = "df94bf7f057768b1cab2ee1f14812ed4ae33f9e04d09254043eeaa797db4ef70"
dependencies = [
 "cc",
 "tree-sitter 0.22.6",
]

[[package]]
name = "tree-sitter-embedded-template"
version = "0.20.0"
source = "registry+https://github.com/rust-lang/crates.io-index"
checksum = "33817ade928c73a32d4f904a602321e09de9fc24b71d106f3b4b3f8ab30dcc38"
dependencies = [
 "cc",
 "tree-sitter 0.22.6",
]

[[package]]
name = "tree-sitter-erlang"
version = "0.5.0"
source = "registry+https://github.com/rust-lang/crates.io-index"
checksum = "2e5fed9d3cb6c7530e1119782637dfaf665192de078b9a8c3d1913f6a1a87fe7"
dependencies = [
 "cc",
 "tree-sitter 0.22.6",
]

[[package]]
name = "tree-sitter-gleam"
version = "0.30.4"
source = "git+https://github.com/gleam-lang/tree-sitter-gleam.git#32c8f1e32aee036583ca09e7e6e4ea881852b42c"
dependencies = [
 "cc",
 "tree-sitter 0.20.10",
]

[[package]]
name = "tree-sitter-html"
version = "0.20.4"
source = "registry+https://github.com/rust-lang/crates.io-index"
checksum = "8766b5ad3721517f8259e6394aefda9c686aebf7a8c74ab8624f2c3b46902fd5"
dependencies = [
 "cc",
 "tree-sitter 0.22.6",
]

[[package]]
name = "tree-sitter-javascript"
version = "0.21.4"
source = "registry+https://github.com/rust-lang/crates.io-index"
checksum = "8710a71bc6779e33811a8067bdda3ed08bed1733296ff915e44faf60f8c533d7"
dependencies = [
 "cc",
 "tree-sitter 0.22.6",
]

[[package]]
name = "tree-sitter-json"
version = "0.20.1"
source = "registry+https://github.com/rust-lang/crates.io-index"
checksum = "50d82d2e33ee675dc71289e2ace4f8f9cf96d36d81400e9dae5ea61edaf5dea6"
dependencies = [
 "cc",
 "tree-sitter 0.20.10",
]

[[package]]
name = "tree-sitter-sql"
version = "0.0.2"
source = "registry+https://github.com/rust-lang/crates.io-index"
checksum = "04e4fb372576528153a04f47ff3ca2d2b535b756ec1890c42ddd5713a66cc82e"
dependencies = [
 "cc",
 "tree-sitter 0.19.5",
]

[[package]]
name = "tree-sitter-typescript"
version = "0.21.2"
source = "registry+https://github.com/rust-lang/crates.io-index"
checksum = "ecb35d98a688378e56c18c9c159824fd16f730ccbea19aacf4f206e5d5438ed9"
dependencies = [
 "cc",
 "tree-sitter 0.22.6",
]

[[package]]
name = "unicode-ident"
version = "1.0.12"
source = "registry+https://github.com/rust-lang/crates.io-index"
checksum = "3354b9ac3fae1ff6755cb6db53683adb661634f67557942dea4facebec0fee4b"

[[package]]
name = "windows-targets"
version = "0.52.6"
source = "registry+https://github.com/rust-lang/crates.io-index"
checksum = "9b724f72796e036ab90c1021d4780d4d3d648aca59e491e6b98e725b84e99973"
dependencies = [
 "windows_aarch64_gnullvm",
 "windows_aarch64_msvc",
 "windows_i686_gnu",
 "windows_i686_gnullvm",
 "windows_i686_msvc",
 "windows_x86_64_gnu",
 "windows_x86_64_gnullvm",
 "windows_x86_64_msvc",
]

[[package]]
name = "windows_aarch64_gnullvm"
version = "0.52.6"
source = "registry+https://github.com/rust-lang/crates.io-index"
checksum = "32a4622180e7a0ec044bb555404c800bc9fd9ec262ec147edd5989ccd0c02cd3"

[[package]]
name = "windows_aarch64_msvc"
version = "0.52.6"
source = "registry+https://github.com/rust-lang/crates.io-index"
checksum = "09ec2a7bb152e2252b53fa7803150007879548bc709c039df7627cabbd05d469"

[[package]]
name = "windows_i686_gnu"
version = "0.52.6"
source = "registry+https://github.com/rust-lang/crates.io-index"
checksum = "8e9b5ad5ab802e97eb8e295ac6720e509ee4c243f69d781394014ebfe8bbfa0b"

[[package]]
name = "windows_i686_gnullvm"
version = "0.52.6"
source = "registry+https://github.com/rust-lang/crates.io-index"
checksum = "0eee52d38c090b3caa76c563b86c3a4bd71ef1a819287c19d586d7334ae8ed66"

[[package]]
name = "windows_i686_msvc"
version = "0.52.6"
source = "registry+https://github.com/rust-lang/crates.io-index"
checksum = "240948bc05c5e7c6dabba28bf89d89ffce3e303022809e73deaefe4f6ec56c66"

[[package]]
name = "windows_x86_64_gnu"
version = "0.52.6"
source = "registry+https://github.com/rust-lang/crates.io-index"
checksum = "147a5c80aabfbf0c7d901cb5895d1de30ef2907eb21fbbab29ca94c5b08b1a78"

[[package]]
name = "windows_x86_64_gnullvm"
version = "0.52.6"
source = "registry+https://github.com/rust-lang/crates.io-index"
checksum = "24d5b23dc417412679681396f2b49f3de8c1473deb516bd34410872eff51ed0d"

[[package]]
name = "windows_x86_64_msvc"
version = "0.52.6"
source = "registry+https://github.com/rust-lang/crates.io-index"
checksum = "589f6da84c646204747d1270a2a5661ea66ed1cced2631d546fdfb155959f9ec"
