# This file is automatically @generated by Cargo.
# It is not intended for manual editing.
version = 3

[[package]]
name = "aho-corasick"
version = "1.1.2"
source = "registry+https://github.com/rust-lang/crates.io-index"
checksum = "b2969dcb958b36655471fc61f7e416fa76033bdd4bfed0678d8fee1e2d07a1f0"
dependencies = [
 "memchr",
]

[[package]]
name = "cc"
version = "1.0.83"
source = "registry+https://github.com/rust-lang/crates.io-index"
checksum = "f1174fb0b6ec23863f8b971027804a42614e347eafb0a95bf0b12cdae21fc4d0"
dependencies = [
 "libc",
]

[[package]]
name = "ex_tree_sitter"
version = "0.1.0"
dependencies = [
 "cc",
 "rustler",
 "rustler_sys",
 "tree-sitter 0.20.10",
 "tree-sitter-css",
 "tree-sitter-elixir",
 "tree-sitter-embedded-template",
 "tree-sitter-erlang",
 "tree-sitter-gleam",
 "tree-sitter-html",
 "tree-sitter-javascript",
 "tree-sitter-json",
 "tree-sitter-sql",
 "tree-sitter-typescript",
]

[[package]]
name = "heck"
version = "0.4.1"
source = "registry+https://github.com/rust-lang/crates.io-index"
checksum = "95505c38b4572b2d910cecb0281560f54b440a19336cbbcb27bf6ce6adc6f5a8"

[[package]]
name = "lazy_static"
version = "1.4.0"
source = "registry+https://github.com/rust-lang/crates.io-index"
checksum = "e2abad23fbc42b3700f2f279844dc832adb2b2eb069b2df918f455c4e18cc646"

[[package]]
name = "libc"
version = "0.2.149"
source = "registry+https://github.com/rust-lang/crates.io-index"
checksum = "a08173bc88b7955d1b3145aa561539096c421ac8debde8cbc3612ec635fee29b"

[[package]]
name = "memchr"
version = "2.6.4"
source = "registry+https://github.com/rust-lang/crates.io-index"
checksum = "f665ee40bc4a3c5590afb1e9677db74a508659dfd71e126420da8274909a0167"

[[package]]
name = "proc-macro2"
version = "1.0.69"
source = "registry+https://github.com/rust-lang/crates.io-index"
checksum = "134c189feb4956b20f6f547d2cf727d4c0fe06722b20a0eec87ed445a97f92da"
dependencies = [
 "unicode-ident",
]

[[package]]
name = "quote"
version = "1.0.33"
source = "registry+https://github.com/rust-lang/crates.io-index"
checksum = "5267fca4496028628a95160fc423a33e8b2e6af8a5302579e322e4b520293cae"
dependencies = [
 "proc-macro2",
]

[[package]]
name = "regex"
version = "1.10.0"
source = "registry+https://github.com/rust-lang/crates.io-index"
checksum = "d119d7c7ca818f8a53c300863d4f87566aac09943aef5b355bb83969dae75d87"
dependencies = [
 "aho-corasick",
 "memchr",
 "regex-automata",
 "regex-syntax",
]

[[package]]
name = "regex-automata"
version = "0.4.1"
source = "registry+https://github.com/rust-lang/crates.io-index"
checksum = "465c6fc0621e4abc4187a2bda0937bfd4f722c2730b29562e19689ea796c9a4b"
dependencies = [
 "aho-corasick",
 "memchr",
 "regex-syntax",
]

[[package]]
name = "regex-syntax"
version = "0.8.1"
source = "registry+https://github.com/rust-lang/crates.io-index"
checksum = "56d84fdd47036b038fc80dd333d10b6aab10d5d31f4a366e20014def75328d33"

[[package]]
name = "rustler"
version = "0.30.0"
source = "registry+https://github.com/rust-lang/crates.io-index"
checksum = "c4b4fea69e23de68c42c06769d6624d2d018da550c17244dd4b691f90ced4a7e"
dependencies = [
 "lazy_static",
 "rustler_codegen",
 "rustler_sys",
]

[[package]]
name = "rustler_codegen"
version = "0.30.0"
source = "registry+https://github.com/rust-lang/crates.io-index"
checksum = "406061bd07aaf052c344257afed4988c5ec8efe4d2352b4c2cf27ea7c8575b12"
dependencies = [
 "heck",
 "proc-macro2",
 "quote",
 "syn",
]

[[package]]
name = "rustler_sys"
version = "2.3.1"
source = "registry+https://github.com/rust-lang/crates.io-index"
checksum = "0a7c0740e5322b64e2b952d8f0edce5f90fcf6f6fe74cca3f6e78eb3de5ea858"
dependencies = [
 "regex",
 "unreachable",
]

[[package]]
name = "syn"
version = "2.0.38"
source = "registry+https://github.com/rust-lang/crates.io-index"
checksum = "e96b79aaa137db8f61e26363a0c9b47d8b4ec75da28b7d1d614c2303e232408b"
dependencies = [
 "proc-macro2",
 "quote",
 "unicode-ident",
]

[[package]]
name = "tree-sitter"
version = "0.19.5"
source = "registry+https://github.com/rust-lang/crates.io-index"
checksum = "ad726ec26496bf4c083fff0f43d4eb3a2ad1bba305323af5ff91383c0b6ecac0"
dependencies = [
 "cc",
 "regex",
]

[[package]]
name = "tree-sitter"
version = "0.20.10"
source = "registry+https://github.com/rust-lang/crates.io-index"
checksum = "e747b1f9b7b931ed39a548c1fae149101497de3c1fc8d9e18c62c1a66c683d3d"
dependencies = [
 "cc",
 "regex",
]

[[package]]
name = "tree-sitter-css"
version = "0.19.0"
source = "registry+https://github.com/rust-lang/crates.io-index"
checksum = "c44fce8f9b603fef51e6384e2771ec5448bca1b71f1aa4ee2717a1803f9b279b"
dependencies = [
 "cc",
 "tree-sitter 0.20.10",
]

[[package]]
name = "tree-sitter-elixir"
version = "0.1.0"
source = "registry+https://github.com/rust-lang/crates.io-index"
checksum = "9a9916f3e1c80b3c8aab8582604e97e8720cb9b893489b347cf999f80f9d469e"
dependencies = [
 "cc",
 "tree-sitter 0.20.10",
]

[[package]]
name = "tree-sitter-embedded-template"
version = "0.20.0"
source = "registry+https://github.com/rust-lang/crates.io-index"
checksum = "33817ade928c73a32d4f904a602321e09de9fc24b71d106f3b4b3f8ab30dcc38"
dependencies = [
 "cc",
 "tree-sitter 0.20.10",
]

[[package]]
name = "tree-sitter-erlang"
version = "0.2.0"
source = "registry+https://github.com/rust-lang/crates.io-index"
checksum = "8d110d62a7ae35b985d8cfbc4de6e9281c7cbf268c466e30ebb31c2d3f861141"
dependencies = [
 "cc",
 "tree-sitter 0.20.10",
]

[[package]]
name = "tree-sitter-gleam"
version = "0.30.4"
source = "git+https://github.com/gleam-lang/tree-sitter-gleam.git#32c8f1e32aee036583ca09e7e6e4ea881852b42c"
dependencies = [
 "cc",
 "tree-sitter 0.20.10",
]

[[package]]
name = "tree-sitter-html"
version = "0.19.0"
source = "registry+https://github.com/rust-lang/crates.io-index"
checksum = "184e6b77953a354303dc87bf5fe36558c83569ce92606e7b382a0dc1b7443443"
dependencies = [
 "cc",
 "tree-sitter 0.20.10",
]

[[package]]
name = "tree-sitter-javascript"
version = "0.20.1"
source = "registry+https://github.com/rust-lang/crates.io-index"
checksum = "edbc663376bdd294bd1f0a6daf859aedb9aa5bdb72217d7ad8ba2d5314102cf7"
dependencies = [
 "cc",
 "tree-sitter 0.20.10",
]

[[package]]
name = "tree-sitter-json"
version = "0.20.1"
source = "registry+https://github.com/rust-lang/crates.io-index"
checksum = "50d82d2e33ee675dc71289e2ace4f8f9cf96d36d81400e9dae5ea61edaf5dea6"
dependencies = [
 "cc",
 "tree-sitter 0.20.10",
]

[[package]]
name = "tree-sitter-sql"
version = "0.0.2"
source = "registry+https://github.com/rust-lang/crates.io-index"
checksum = "04e4fb372576528153a04f47ff3ca2d2b535b756ec1890c42ddd5713a66cc82e"
dependencies = [
 "cc",
 "tree-sitter 0.19.5",
]

[[package]]
name = "tree-sitter-typescript"
version = "0.20.3"
source = "registry+https://github.com/rust-lang/crates.io-index"
checksum = "a75049f0aafabb2aac205d7bb24da162b53dcd0cfb326785f25a2f32efa8071a"
dependencies = [
 "cc",
 "tree-sitter 0.20.10",
]

[[package]]
name = "unicode-ident"
version = "1.0.12"
source = "registry+https://github.com/rust-lang/crates.io-index"
checksum = "3354b9ac3fae1ff6755cb6db53683adb661634f67557942dea4facebec0fee4b"

[[package]]
name = "unreachable"
version = "1.0.0"
source = "registry+https://github.com/rust-lang/crates.io-index"
checksum = "382810877fe448991dfc7f0dd6e3ae5d58088fd0ea5e35189655f84e6814fa56"
dependencies = [
 "void",
]

[[package]]
name = "void"
version = "1.0.2"
source = "registry+https://github.com/rust-lang/crates.io-index"
checksum = "6a02e4885ed3bc0f2de90ea6dd45ebcbb66dacffe03547fadbb0eeae2770887d"
